
Microsoft Visual Studio Solution File, Format Version 12.00
# Visual Studio Version 17
VisualStudioVersion = 17.9.34728.123
MinimumVisualStudioVersion = 10.0.40219.1
Project("{FAE04EC0-301F-11D3-BF4B-00C04F79EFBC}") = "SeleniumTesting", "SeleniumTesting.csproj", "{09FA86E2-AB65-443F-81B0-72EDC1FB001E}"
EndProject
Global
	GlobalSection(SolutionConfigurationPlatforms) = preSolution
		Debug|Any CPU = Debug|Any CPU
		Release|Any CPU = Release|Any CPU
	EndGlobalSection
	GlobalSection(ProjectConfigurationPlatforms) = postSolution
		{09FA86E2-AB65-443F-81B0-72EDC1FB001E}.Debug|Any CPU.ActiveCfg = Debug|Any CPU
		{09FA86E2-AB65-443F-81B0-72EDC1FB001E}.Debug|Any CPU.Build.0 = Debug|Any CPU
		{09FA86E2-AB65-443F-81B0-72EDC1FB001E}.Release|Any CPU.ActiveCfg = Release|Any CPU
		{09FA86E2-AB65-443F-81B0-72EDC1FB001E}.Release|Any CPU.Build.0 = Release|Any CPU
	EndGlobalSection
	GlobalSection(SolutionProperties) = preSolution
		HideSolutionNode = FALSE
	EndGlobalSection
	GlobalSection(ExtensibilityGlobals) = postSolution
		SolutionGuid = {06F6CB01-487B-4938-BBC4-79DA1B1BD635}
	EndGlobalSection
EndGlobal
